
Microsoft Visual Studio Solution File, Format Version 12.00
# Visual Studio Version 17
VisualStudioVersion = 17.1.32210.238
MinimumVisualStudioVersion = 10.0.40219.1
Project("{FAE04EC0-301F-11D3-BF4B-00C04F79EFBC}") = "SRP_Bed", "SRP_Bed\SRP_Bed.csproj", "{D7A402E4-7D00-4680-98FE-E2C010EE1C47}"
EndProject
Project("{FAE04EC0-301F-11D3-BF4B-00C04F79EFBC}") = "SRP_Validate", "SRP_Validate\SRP_Validate.csproj", "{5A9F1FC3-C49A-49CF-B9C5-9AC48CA4B7C7}"
EndProject
Global
	GlobalSection(SolutionConfigurationPlatforms) = preSolution
		Debug|Any CPU = Debug|Any CPU
		Release|Any CPU = Release|Any CPU
	EndGlobalSection
	GlobalSection(ProjectConfigurationPlatforms) = postSolution
		{D7A402E4-7D00-4680-98FE-E2C010EE1C47}.Debug|Any CPU.ActiveCfg = Debug|Any CPU
		{D7A402E4-7D00-4680-98FE-E2C010EE1C47}.Debug|Any CPU.Build.0 = Debug|Any CPU
		{D7A402E4-7D00-4680-98FE-E2C010EE1C47}.Release|Any CPU.ActiveCfg = Release|Any CPU
		{D7A402E4-7D00-4680-98FE-E2C010EE1C47}.Release|Any CPU.Build.0 = Release|Any CPU
		{5A9F1FC3-C49A-49CF-B9C5-9AC48CA4B7C7}.Debug|Any CPU.ActiveCfg = Debug|Any CPU
		{5A9F1FC3-C49A-49CF-B9C5-9AC48CA4B7C7}.Debug|Any CPU.Build.0 = Debug|Any CPU
		{5A9F1FC3-C49A-49CF-B9C5-9AC48CA4B7C7}.Release|Any CPU.ActiveCfg = Release|Any CPU
		{5A9F1FC3-C49A-49CF-B9C5-9AC48CA4B7C7}.Release|Any CPU.Build.0 = Release|Any CPU
	EndGlobalSection
	GlobalSection(SolutionProperties) = preSolution
		HideSolutionNode = FALSE
	EndGlobalSection
	GlobalSection(ExtensibilityGlobals) = postSolution
		SolutionGuid = {F6526D62-7B6A-4660-BA67-437449AD56DA}
	EndGlobalSection
EndGlobal
